
Microsoft Visual Studio Solution File, Format Version 12.00
# Visual Studio Version 16
VisualStudioVersion = 16.0.30907.101
MinimumVisualStudioVersion = 10.0.40219.1
Project("{FAE04EC0-301F-11D3-BF4B-00C04F79EFBC}") = "Furry_Community", "Furry_Community\Furry_Community.csproj", "{1D69C4F6-35E9-4A9C-AEF6-F89E85D99D06}"
EndProject
Global
	GlobalSection(SolutionConfigurationPlatforms) = preSolution
		Debug|Any CPU = Debug|Any CPU
		Release|Any CPU = Release|Any CPU
	EndGlobalSection
	GlobalSection(ProjectConfigurationPlatforms) = postSolution
		{1D69C4F6-35E9-4A9C-AEF6-F89E85D99D06}.Debug|Any CPU.ActiveCfg = Debug|Any CPU
		{1D69C4F6-35E9-4A9C-AEF6-F89E85D99D06}.Debug|Any CPU.Build.0 = Debug|Any CPU
		{1D69C4F6-35E9-4A9C-AEF6-F89E85D99D06}.Release|Any CPU.ActiveCfg = Release|Any CPU
		{1D69C4F6-35E9-4A9C-AEF6-F89E85D99D06}.Release|Any CPU.Build.0 = Release|Any CPU
	EndGlobalSection
	GlobalSection(SolutionProperties) = preSolution
		HideSolutionNode = FALSE
	EndGlobalSection
	GlobalSection(ExtensibilityGlobals) = postSolution
		SolutionGuid = {043461BA-82E2-43A8-AE4E-0F8AA897E285}
	EndGlobalSection
EndGlobal
